
Microsoft Visual Studio Solution File, Format Version 12.00
# Visual Studio Version 16
VisualStudioVersion = 16.0.29123.89
MinimumVisualStudioVersion = 10.0.40219.1
Project("{FAE04EC0-301F-11D3-BF4B-00C04F79EFBC}") = "SetupSonic", "SetupSonic\SetupSonic.csproj", "{BD8BE89B-7512-4ECB-B327-15E4DE967E93}"
EndProject
Global
	GlobalSection(SolutionConfigurationPlatforms) = preSolution
		Debug|Any CPU = Debug|Any CPU
		Release|Any CPU = Release|Any CPU
	EndGlobalSection
	GlobalSection(ProjectConfigurationPlatforms) = postSolution
		{BD8BE89B-7512-4ECB-B327-15E4DE967E93}.Debug|Any CPU.ActiveCfg = Debug|Any CPU
		{BD8BE89B-7512-4ECB-B327-15E4DE967E93}.Debug|Any CPU.Build.0 = Debug|Any CPU
		{BD8BE89B-7512-4ECB-B327-15E4DE967E93}.Release|Any CPU.ActiveCfg = Release|Any CPU
		{BD8BE89B-7512-4ECB-B327-15E4DE967E93}.Release|Any CPU.Build.0 = Release|Any CPU
	EndGlobalSection
	GlobalSection(SolutionProperties) = preSolution
		HideSolutionNode = FALSE
	EndGlobalSection
	GlobalSection(ExtensibilityGlobals) = postSolution
		SolutionGuid = {B10329F7-C53D-4D90-BF50-10F2E35F7645}
	EndGlobalSection
EndGlobal
